<?xml version="1.0" encoding="utf-8"?>
<Project ToolsVersion="4.0" xmlns="http://schemas.microsoft.com/developer/msbuild/2003">
  <ItemGroup>
    <Filter Include="Phoenix">
      <UniqueIdentifier>{40FF9C0C-ACDE-1BA8-B5F6-A67E21558209}</UniqueIdentifier>
    </Filter>
    <Filter Include="Phoenix\Core">
      <UniqueIdentifier>{98AB57BA-840E-E75E-2D94-1F1519D6B2E1}</UniqueIdentifier>
    </Filter>
    <Filter Include="Phoenix\Events">
      <UniqueIdentifier>{240313B4-10D1-06BA-F964-77E0E5D1E21E}</UniqueIdentifier>
    </Filter>
    <Filter Include="Phoenix\ImGui">
      <UniqueIdentifier>{6AE4B705-D6A4-333C-9FDF-7CB90B5F7818}</UniqueIdentifier>
    </Filter>
    <Filter Include="Phoenix\Layers">
      <UniqueIdentifier>{FFEDF5C2-EBBB-E9C8-D44F-5AEFC0BCC52D}</UniqueIdentifier>
    </Filter>
    <Filter Include="Phoenix\Log">
      <UniqueIdentifier>{11B7A505-7D6C-1EFB-0661-18D2721515FF}</UniqueIdentifier>
    </Filter>
    <Filter Include="Phoenix\Platform">
      <UniqueIdentifier>{9463FE20-805C-1D73-A98E-02F895E6FC7E}</UniqueIdentifier>
    </Filter>
    <Filter Include="Phoenix\Platform\OpenGL">
      <UniqueIdentifier>{48BEFC44-B4F5-44DC-BDFF-A8FF29B66BD5}</UniqueIdentifier>
    </Filter>
    <Filter Include="Phoenix\Platform\Windows">
      <UniqueIdentifier>{CE61B03C-BA86-FFBC-E3D1-E44CCF55FEDA}</UniqueIdentifier>
    </Filter>
    <Filter Include="Phoenix\Renderer">
      <UniqueIdentifier>{E66ADBFB-D263-FA4D-FB95-DFD2E7EDD959}</UniqueIdentifier>
    </Filter>
  </ItemGroup>
  <ItemGroup>
    <ClInclude Include="src\Phoenix\Application.h">
      <Filter>Phoenix</Filter>
    </ClInclude>
    <ClInclude Include="src\Phoenix\Core.h">
      <Filter>Phoenix</Filter>
    </ClInclude>
    <ClInclude Include="src\Phoenix\Core\Timestep.h">
      <Filter>Phoenix\Core</Filter>
    </ClInclude>
    <ClInclude Include="src\Phoenix\EntryPoint.h">
      <Filter>Phoenix</Filter>
    </ClInclude>
    <ClInclude Include="src\Phoenix\Events\ApplicationEvent.h">
      <Filter>Phoenix\Events</Filter>
    </ClInclude>
    <ClInclude Include="src\Phoenix\Events\Event.h">
      <Filter>Phoenix\Events</Filter>
    </ClInclude>
    <ClInclude Include="src\Phoenix\Events\KeyEvent.h">
      <Filter>Phoenix\Events</Filter>
    </ClInclude>
    <ClInclude Include="src\Phoenix\Events\MouseEvent.h">
      <Filter>Phoenix\Events</Filter>
    </ClInclude>
    <ClInclude Include="src\Phoenix\ImGui\ImGuiLayer.h">
      <Filter>Phoenix\ImGui</Filter>
    </ClInclude>
    <ClInclude Include="src\Phoenix\Input.h">
      <Filter>Phoenix</Filter>
    </ClInclude>
    <ClInclude Include="src\Phoenix\KeyCodes.h">
      <Filter>Phoenix</Filter>
    </ClInclude>
    <ClInclude Include="src\Phoenix\Layers\Layer.h">
      <Filter>Phoenix\Layers</Filter>
    </ClInclude>
    <ClInclude Include="src\Phoenix\Layers\LayerStack.h">
      <Filter>Phoenix\Layers</Filter>
    </ClInclude>
    <ClInclude Include="src\Phoenix\Log\Log.h">
      <Filter>Phoenix\Log</Filter>
    </ClInclude>
    <ClInclude Include="src\Phoenix\MouseButtonCodes.h">
      <Filter>Phoenix</Filter>
    </ClInclude>
    <ClInclude Include="src\Phoenix\Phoenix.h">
      <Filter>Phoenix</Filter>
    </ClInclude>
    <ClInclude Include="src\Phoenix\Platform\OpenGL\OpenGLBuffer.h">
      <Filter>Phoenix\Platform\OpenGL</Filter>
    </ClInclude>
    <ClInclude Include="src\Phoenix\Platform\OpenGL\OpenGLContext.h">
      <Filter>Phoenix\Platform\OpenGL</Filter>
    </ClInclude>
    <ClInclude Include="src\Phoenix\Platform\OpenGL\OpenGLRendererAPI.h">
      <Filter>Phoenix\Platform\OpenGL</Filter>
    </ClInclude>
    <ClInclude Include="src\Phoenix\Platform\OpenGL\OpenGLShader.h">
      <Filter>Phoenix\Platform\OpenGL</Filter>
    </ClInclude>
    <ClInclude Include="src\Phoenix\Platform\OpenGL\OpenGLVertexArray.h">
      <Filter>Phoenix\Platform\OpenGL</Filter>
    </ClInclude>
    <ClInclude Include="src\Phoenix\Platform\Windows\WindowsInput.h">
      <Filter>Phoenix\Platform\Windows</Filter>
    </ClInclude>
    <ClInclude Include="src\Phoenix\Platform\Windows\WindowsWindow.h">
      <Filter>Phoenix\Platform\Windows</Filter>
    </ClInclude>
    <ClInclude Include="src\Phoenix\Renderer\Buffer.h">
      <Filter>Phoenix\Renderer</Filter>
    </ClInclude>
    <ClInclude Include="src\Phoenix\Renderer\GraphicsContext.h">
      <Filter>Phoenix\Renderer</Filter>
    </ClInclude>
    <ClInclude Include="src\Phoenix\Renderer\OrthographicCamera.h">
      <Filter>Phoenix\Renderer</Filter>
    </ClInclude>
    <ClInclude Include="src\Phoenix\Renderer\RenderCommand.h">
      <Filter>Phoenix\Renderer</Filter>
    </ClInclude>
    <ClInclude Include="src\Phoenix\Renderer\Renderer.h">
      <Filter>Phoenix\Renderer</Filter>
    </ClInclude>
    <ClInclude Include="src\Phoenix\Renderer\RendererAPI.h">
      <Filter>Phoenix\Renderer</Filter>
    </ClInclude>
    <ClInclude Include="src\Phoenix\Renderer\Shader.h">
      <Filter>Phoenix\Renderer</Filter>
    </ClInclude>
    <ClInclude Include="src\Phoenix\Renderer\VertexArray.h">
      <Filter>Phoenix\Renderer</Filter>
    </ClInclude>
    <ClInclude Include="src\Phoenix\Window.h">
      <Filter>Phoenix</Filter>
    </ClInclude>
    <ClInclude Include="src\pnpch.h" />
  </ItemGroup>
  <ItemGroup>
    <ClCompile Include="src\Phoenix\Application.cpp">
      <Filter>Phoenix</Filter>
    </ClCompile>
    <ClCompile Include="src\Phoenix\ImGui\ImGuiBuild.cpp">
      <Filter>Phoenix\ImGui</Filter>
    </ClCompile>
    <ClCompile Include="src\Phoenix\ImGui\ImGuiLayer.cpp">
      <Filter>Phoenix\ImGui</Filter>
    </ClCompile>
    <ClCompile Include="src\Phoenix\Layers\Layer.cpp">
      <Filter>Phoenix\Layers</Filter>
    </ClCompile>
    <ClCompile Include="src\Phoenix\Layers\LayerStack.cpp">
      <Filter>Phoenix\Layers</Filter>
    </ClCompile>
    <ClCompile Include="src\Phoenix\Log\Log.cpp">
      <Filter>Phoenix\Log</Filter>
    </ClCompile>
    <ClCompile Include="src\Phoenix\Platform\OpenGL\OpenGLBuffer.cpp">
      <Filter>Phoenix\Platform\OpenGL</Filter>
    </ClCompile>
    <ClCompile Include="src\Phoenix\Platform\OpenGL\OpenGLContext.cpp">
      <Filter>Phoenix\Platform\OpenGL</Filter>
    </ClCompile>
    <ClCompile Include="src\Phoenix\Platform\OpenGL\OpenGLRendererAPI.cpp">
      <Filter>Phoenix\Platform\OpenGL</Filter>
    </ClCompile>
    <ClCompile Include="src\Phoenix\Platform\OpenGL\OpenGLShader.cpp">
      <Filter>Phoenix\Platform\OpenGL</Filter>
    </ClCompile>
    <ClCompile Include="src\Phoenix\Platform\OpenGL\OpenGLVertexArray.cpp">
      <Filter>Phoenix\Platform\OpenGL</Filter>
    </ClCompile>
    <ClCompile Include="src\Phoenix\Platform\Windows\WindowsInput.cpp">
      <Filter>Phoenix\Platform\Windows</Filter>
    </ClCompile>
    <ClCompile Include="src\Phoenix\Platform\Windows\WindowsWindow.cpp">
      <Filter>Phoenix\Platform\Windows</Filter>
    </ClCompile>
    <ClCompile Include="src\Phoenix\Renderer\Buffer.cpp">
      <Filter>Phoenix\Renderer</Filter>
    </ClCompile>
    <ClCompile Include="src\Phoenix\Renderer\OrthographicCamera.cpp">
      <Filter>Phoenix\Renderer</Filter>
    </ClCompile>
    <ClCompile Include="src\Phoenix\Renderer\RenderCommand.cpp">
      <Filter>Phoenix\Renderer</Filter>
    </ClCompile>
    <ClCompile Include="src\Phoenix\Renderer\Renderer.cpp">
      <Filter>Phoenix\Renderer</Filter>
    </ClCompile>
    <ClCompile Include="src\Phoenix\Renderer\RendererAPI.cpp">
      <Filter>Phoenix\Renderer</Filter>
    </ClCompile>
    <ClCompile Include="src\Phoenix\Renderer\Shader.cpp">
      <Filter>Phoenix\Renderer</Filter>
    </ClCompile>
    <ClCompile Include="src\Phoenix\Renderer\VertexArray.cpp">
      <Filter>Phoenix\Renderer</Filter>
    </ClCompile>
    <ClCompile Include="src\pnpch.cpp" />
  </ItemGroup>
</Project>